// !$*UTF8*$!
{
	archiveVersion = 1;
	classes = {
	};
	objectVersion = 46;
	objects = {

/* Begin PBXBuildFile section */
		C9AE0ABC19ECB23A005E276D /* album.jpg in Resources */ = {isa = PBXBuildFile; fileRef = C9AE0AB519ECB23A005E276D /* album.jpg */; };
		C9AE0ABD19ECB23A005E276D /* daftpunk.jpg in Resources */ = {isa = PBXBuildFile; fileRef = C9AE0AB619ECB23A005E276D /* daftpunk.jpg */; };
		C9AE0ABE19ECB23A005E276D /* aboveandbeyond.jpg in Resources */ = {isa = PBXBuildFile; fileRef = C9AE0AB719ECB23A005E276D /* aboveandbeyond.jpg */; };
		C9AE0ABF19ECB23A005E276D /* prettylights.jpg in Resources */ = {isa = PBXBuildFile; fileRef = C9AE0AB819ECB23A005E276D /* prettylights.jpg */; };
		C9AE0AC019ECB23A005E276D /* arianagrande.jpg in Resources */ = {isa = PBXBuildFile; fileRef = C9AE0AB919ECB23A005E276D /* arianagrande.jpg */; };
		C9AE0AC219ECB23A005E276D /* chromeo.jpg in Resources */ = {isa = PBXBuildFile; fileRef = C9AE0ABB19ECB23A005E276D /* chromeo.jpg */; };
		C9AE0AC419ECB337005E276D /* killers.jpg in Resources */ = {isa = PBXBuildFile; fileRef = C9AE0AC319ECB337005E276D /* killers.jpg */; };
		C9D04CB219EC2C1700B9AE01 /* AppDelegate.swift in Sources */ = {isa = PBXBuildFile; fileRef = C9D04CB119EC2C1700B9AE01 /* AppDelegate.swift */; };
		C9D04CB419EC2C1700B9AE01 /* ViewController.swift in Sources */ = {isa = PBXBuildFile; fileRef = C9D04CB319EC2C1700B9AE01 /* ViewController.swift */; };
		C9D04CB719EC2C1700B9AE01 /* Main.storyboard in Resources */ = {isa = PBXBuildFile; fileRef = C9D04CB519EC2C1700B9AE01 /* Main.storyboard */; };
		C9D04CB919EC2C1700B9AE01 /* Images.xcassets in Resources */ = {isa = PBXBuildFile; fileRef = C9D04CB819EC2C1700B9AE01 /* Images.xcassets */; };
		C9D04CC819EC2C1700B9AE01 /* QupAnimationTests.swift in Sources */ = {isa = PBXBuildFile; fileRef = C9D04CC719EC2C1700B9AE01 /* QupAnimationTests.swift */; };
/* End PBXBuildFile section */

/* Begin PBXContainerItemProxy section */
		C9D04CC219EC2C1700B9AE01 /* PBXContainerItemProxy */ = {
			isa = PBXContainerItemProxy;
			containerPortal = C9D04CA419EC2C1700B9AE01 /* Project object */;
			proxyType = 1;
			remoteGlobalIDString = C9D04CAB19EC2C1700B9AE01;
			remoteInfo = QupAnimation;
		};
/* End PBXContainerItemProxy section */

/* Begin PBXFileReference section */
		C9AE0AB519ECB23A005E276D /* album.jpg */ = {isa = PBXFileReference; lastKnownFileType = image.jpeg; path = album.jpg; sourceTree = "<group>"; };
		C9AE0AB619ECB23A005E276D /* daftpunk.jpg */ = {isa = PBXFileReference; lastKnownFileType = image.jpeg; path = daftpunk.jpg; sourceTree = "<group>"; };
		C9AE0AB719ECB23A005E276D /* aboveandbeyond.jpg */ = {isa = PBXFileReference; lastKnownFileType = image.jpeg; path = aboveandbeyond.jpg; sourceTree = "<group>"; };
		C9AE0AB819ECB23A005E276D /* prettylights.jpg */ = {isa = PBXFileReference; lastKnownFileType = image.jpeg; path = prettylights.jpg; sourceTree = "<group>"; };
		C9AE0AB919ECB23A005E276D /* arianagrande.jpg */ = {isa = PBXFileReference; lastKnownFileType = image.jpeg; path = arianagrande.jpg; sourceTree = "<group>"; };
		C9AE0ABB19ECB23A005E276D /* chromeo.jpg */ = {isa = PBXFileReference; lastKnownFileType = image.jpeg; path = chromeo.jpg; sourceTree = "<group>"; };
		C9AE0AC319ECB337005E276D /* killers.jpg */ = {isa = PBXFileReference; lastKnownFileType = image.jpeg; path = killers.jpg; sourceTree = "<group>"; };
		C9D04CAC19EC2C1700B9AE01 /* QupAnimation.app */ = {isa = PBXFileReference; explicitFileType = wrapper.application; includeInIndex = 0; path = QupAnimation.app; sourceTree = BUILT_PRODUCTS_DIR; };
		C9D04CB019EC2C1700B9AE01 /* Info.plist */ = {isa = PBXFileReference; lastKnownFileType = text.plist.xml; path = Info.plist; sourceTree = "<group>"; };
		C9D04CB119EC2C1700B9AE01 /* AppDelegate.swift */ = {isa = PBXFileReference; lastKnownFileType = sourcecode.swift; path = AppDelegate.swift; sourceTree = "<group>"; };
		C9D04CB319EC2C1700B9AE01 /* ViewController.swift */ = {isa = PBXFileReference; lastKnownFileType = sourcecode.swift; path = ViewController.swift; sourceTree = "<group>"; };
		C9D04CB619EC2C1700B9AE01 /* Base */ = {isa = PBXFileReference; lastKnownFileType = file.storyboard; name = Base; path = Base.lproj/Main.storyboard; sourceTree = "<group>"; };
		C9D04CB819EC2C1700B9AE01 /* Images.xcassets */ = {isa = PBXFileReference; lastKnownFileType = folder.assetcatalog; path = Images.xcassets; sourceTree = "<group>"; };
		C9D04CC119EC2C1700B9AE01 /* QupAnimationTests.xctest */ = {isa = PBXFileReference; explicitFileType = wrapper.cfbundle; includeInIndex = 0; path = QupAnimationTests.xctest; sourceTree = BUILT_PRODUCTS_DIR; };
		C9D04CC619EC2C1700B9AE01 /* Info.plist */ = {isa = PBXFileReference; lastKnownFileType = text.plist.xml; path = Info.plist; sourceTree = "<group>"; };
		C9D04CC719EC2C1700B9AE01 /* QupAnimationTests.swift */ = {isa = PBXFileReference; lastKnownFileType = sourcecode.swift; path = QupAnimationTests.swift; sourceTree = "<group>"; };
/* End PBXFileReference section */

/* Begin PBXFrameworksBuildPhase section */
		C9D04CA919EC2C1700B9AE01 /* Frameworks */ = {
			isa = PBXFrameworksBuildPhase;
			buildActionMask = 2147483647;
			files = (
			);
			runOnlyForDeploymentPostprocessing = 0;
		};
		C9D04CBE19EC2C1700B9AE01 /* Frameworks */ = {
			isa = PBXFrameworksBuildPhase;
			buildActionMask = 2147483647;
			files = (
			);
			runOnlyForDeploymentPostprocessing = 0;
		};
/* End PBXFrameworksBuildPhase section */

/* Begin PBXGroup section */
		C9D04CA319EC2C1700B9AE01 = {
			isa = PBXGroup;
			children = (
				C9D04CAE19EC2C1700B9AE01 /* QupAnimation */,
				C9D04CC419EC2C1700B9AE01 /* QupAnimationTests */,
				C9D04CAD19EC2C1700B9AE01 /* Products */,
			);
			sourceTree = "<group>";
		};
		C9D04CAD19EC2C1700B9AE01 /* Products */ = {
			isa = PBXGroup;
			children = (
				C9D04CAC19EC2C1700B9AE01 /* QupAnimation.app */,
				C9D04CC119EC2C1700B9AE01 /* QupAnimationTests.xctest */,
			);
			name = Products;
			sourceTree = "<group>";
		};
		C9D04CAE19EC2C1700B9AE01 /* QupAnimation */ = {
			isa = PBXGroup;
			children = (
				C9AE0AC319ECB337005E276D /* killers.jpg */,
				C9AE0AB519ECB23A005E276D /* album.jpg */,
				C9AE0AB619ECB23A005E276D /* daftpunk.jpg */,
				C9AE0AB719ECB23A005E276D /* aboveandbeyond.jpg */,
				C9AE0AB819ECB23A005E276D /* prettylights.jpg */,
				C9AE0AB919ECB23A005E276D /* arianagrande.jpg */,
				C9AE0ABB19ECB23A005E276D /* chromeo.jpg */,
				C9D04CB119EC2C1700B9AE01 /* AppDelegate.swift */,
				C9D04CB319EC2C1700B9AE01 /* ViewController.swift */,
				C9D04CB519EC2C1700B9AE01 /* Main.storyboard */,
				C9D04CB819EC2C1700B9AE01 /* Images.xcassets */,
				C9D04CAF19EC2C1700B9AE01 /* Supporting Files */,
			);
			path = QupAnimation;
			sourceTree = "<group>";
		};
		C9D04CAF19EC2C1700B9AE01 /* Supporting Files */ = {
			isa = PBXGroup;
			children = (
				C9D04CB019EC2C1700B9AE01 /* Info.plist */,
			);
			name = "Supporting Files";
			sourceTree = "<group>";
		};
		C9D04CC419EC2C1700B9AE01 /* QupAnimationTests */ = {
			isa = PBXGroup;
			children = (
				C9D04CC719EC2C1700B9AE01 /* QupAnimationTests.swift */,
				C9D04CC519EC2C1700B9AE01 /* Supporting Files */,
			);
			path = QupAnimationTests;
			sourceTree = "<group>";
		};
		C9D04CC519EC2C1700B9AE01 /* Supporting Files */ = {
			isa = PBXGroup;
			children = (
				C9D04CC619EC2C1700B9AE01 /* Info.plist */,
			);
			name = "Supporting Files";
			sourceTree = "<group>";
		};
/* End PBXGroup section */

/* Begin PBXNativeTarget section */
		C9D04CAB19EC2C1700B9AE01 /* QupAnimation */ = {
			isa = PBXNativeTarget;
			buildConfigurationList = C9D04CCB19EC2C1700B9AE01 /* Build configuration list for PBXNativeTarget "QupAnimation" */;
			buildPhases = (
				C9D04CA819EC2C1700B9AE01 /* Sources */,
				C9D04CA919EC2C1700B9AE01 /* Frameworks */,
				C9D04CAA19EC2C1700B9AE01 /* Resources */,
			);
			buildRules = (
			);
			dependencies = (
			);
			name = QupAnimation;
			productName = QupAnimation;
			productReference = C9D04CAC19EC2C1700B9AE01 /* QupAnimation.app */;
			productType = "com.apple.product-type.application";
		};
		C9D04CC019EC2C1700B9AE01 /* QupAnimationTests */ = {
			isa = PBXNativeTarget;
			buildConfigurationList = C9D04CCE19EC2C1700B9AE01 /* Build configuration list for PBXNativeTarget "QupAnimationTests" */;
			buildPhases = (
				C9D04CBD19EC2C1700B9AE01 /* Sources */,
				C9D04CBE19EC2C1700B9AE01 /* Frameworks */,
				C9D04CBF19EC2C1700B9AE01 /* Resources */,
			);
			buildRules = (
			);
			dependencies = (
				C9D04CC319EC2C1700B9AE01 /* PBXTargetDependency */,
			);
			name = QupAnimationTests;
			productName = QupAnimationTests;
			productReference = C9D04CC119EC2C1700B9AE01 /* QupAnimationTests.xctest */;
			productType = "com.apple.product-type.bundle.unit-test";
		};
/* End PBXNativeTarget section */

/* Begin PBXProject section */
		C9D04CA419EC2C1700B9AE01 /* Project object */ = {
			isa = PBXProject;
			attributes = {
				LastUpgradeCheck = 0600;
				ORGANIZATIONNAME = Intrepid;
				TargetAttributes = {
					C9D04CAB19EC2C1700B9AE01 = {
						CreatedOnToolsVersion = 6.0.1;
					};
					C9D04CC019EC2C1700B9AE01 = {
						CreatedOnToolsVersion = 6.0.1;
						TestTargetID = C9D04CAB19EC2C1700B9AE01;
					};
				};
			};
			buildConfigurationList = C9D04CA719EC2C1700B9AE01 /* Build configuration list for PBXProject "QupAnimation" */;
			compatibilityVersion = "Xcode 3.2";
			developmentRegion = English;
			hasScannedForEncodings = 0;
			knownRegions = (
				en,
				Base,
			);
			mainGroup = C9D04CA319EC2C1700B9AE01;
			productRefGroup = C9D04CAD19EC2C1700B9AE01 /* Products */;
			projectDirPath = "";
			projectRoot = "";
			targets = (
				C9D04CAB19EC2C1700B9AE01 /* QupAnimation */,
				C9D04CC019EC2C1700B9AE01 /* QupAnimationTests */,
			);
		};
/* End PBXProject section */

/* Begin PBXResourcesBuildPhase section */
		C9D04CAA19EC2C1700B9AE01 /* Resources */ = {
			isa = PBXResourcesBuildPhase;
			buildActionMask = 2147483647;
			files = (
				C9AE0AC019ECB23A005E276D /* arianagrande.jpg in Resources */,
				C9AE0ABD19ECB23A005E276D /* daftpunk.jpg in Resources */,
				C9D04CB719EC2C1700B9AE01 /* Main.storyboard in Resources */,
				C9D04CB919EC2C1700B9AE01 /* Images.xcassets in Resources */,
				C9AE0AC419ECB337005E276D /* killers.jpg in Resources */,
				C9AE0ABE19ECB23A005E276D /* aboveandbeyond.jpg in Resources */,
				C9AE0ABF19ECB23A005E276D /* prettylights.jpg in Resources */,
				C9AE0ABC19ECB23A005E276D /* album.jpg in Resources */,
				C9AE0AC219ECB23A005E276D /* chromeo.jpg in Resources */,
			);
			runOnlyForDeploymentPostprocessing = 0;
		};
		C9D04CBF19EC2C1700B9AE01 /* Resources */ = {
			isa = PBXResourcesBuildPhase;
			buildActionMask = 2147483647;
			files = (
			);
			runOnlyForDeploymentPostprocessing = 0;
		};
/* End PBXResourcesBuildPhase section */

/* Begin PBXSourcesBuildPhase section */
		C9D04CA819EC2C1700B9AE01 /* Sources */ = {
			isa = PBXSourcesBuildPhase;
			buildActionMask = 2147483647;
			files = (
				C9D04CB419EC2C1700B9AE01 /* ViewController.swift in Sources */,
				C9D04CB219EC2C1700B9AE01 /* AppDelegate.swift in Sources */,
			);
			runOnlyForDeploymentPostprocessing = 0;
		};
		C9D04CBD19EC2C1700B9AE01 /* Sources */ = {
			isa = PBXSourcesBuildPhase;
			buildActionMask = 2147483647;
			files = (
				C9D04CC819EC2C1700B9AE01 /* QupAnimationTests.swift in Sources */,
			);
			runOnlyForDeploymentPostprocessing = 0;
		};
/* End PBXSourcesBuildPhase section */

/* Begin PBXTargetDependency section */
		C9D04CC319EC2C1700B9AE01 /* PBXTargetDependency */ = {
			isa = PBXTargetDependency;
			target = C9D04CAB19EC2C1700B9AE01 /* QupAnimation */;
			targetProxy = C9D04CC219EC2C1700B9AE01 /* PBXContainerItemProxy */;
		};
/* End PBXTargetDependency section */

/* Begin PBXVariantGroup section */
		C9D04CB519EC2C1700B9AE01 /* Main.storyboard */ = {
			isa = PBXVariantGroup;
			children = (
				C9D04CB619EC2C1700B9AE01 /* Base */,
			);
			name = Main.storyboard;
			sourceTree = "<group>";
		};
/* End PBXVariantGroup section */

/* Begin XCBuildConfiguration section */
		C9D04CC919EC2C1700B9AE01 /* Debug */ = {
			isa = XCBuildConfiguration;
			buildSettings = {
				ALWAYS_SEARCH_USER_PATHS = NO;
				CLANG_CXX_LANGUAGE_STANDARD = "gnu++0x";
				CLANG_CXX_LIBRARY = "libc++";
				CLANG_ENABLE_MODULES = YES;
				CLANG_ENABLE_OBJC_ARC = YES;
				CLANG_WARN_BOOL_CONVERSION = YES;
				CLANG_WARN_CONSTANT_CONVERSION = YES;
				CLANG_WARN_DIRECT_OBJC_ISA_USAGE = YES_ERROR;
				CLANG_WARN_EMPTY_BODY = YES;
				CLANG_WARN_ENUM_CONVERSION = YES;
				CLANG_WARN_INT_CONVERSION = YES;
				CLANG_WARN_OBJC_ROOT_CLASS = YES_ERROR;
				CLANG_WARN_UNREACHABLE_CODE = YES;
				CLANG_WARN__DUPLICATE_METHOD_MATCH = YES;
				"CODE_SIGN_IDENTITY[sdk=iphoneos*]" = "iPhone Developer";
				COPY_PHASE_STRIP = NO;
				ENABLE_STRICT_OBJC_MSGSEND = YES;
				GCC_C_LANGUAGE_STANDARD = gnu99;
				GCC_DYNAMIC_NO_PIC = NO;
				GCC_OPTIMIZATION_LEVEL = 0;
				GCC_PREPROCESSOR_DEFINITIONS = (
					"DEBUG=1",
					"$(inherited)",
				);
				GCC_SYMBOLS_PRIVATE_EXTERN = NO;
				GCC_WARN_64_TO_32_BIT_CONVERSION = YES;
				GCC_WARN_ABOUT_RETURN_TYPE = YES_ERROR;
				GCC_WARN_UNDECLARED_SELECTOR = YES;
				GCC_WARN_UNINITIALIZED_AUTOS = YES_AGGRESSIVE;
				GCC_WARN_UNUSED_FUNCTION = YES;
				GCC_WARN_UNUSED_VARIABLE = YES;
				IPHONEOS_DEPLOYMENT_TARGET = 8.0;
				MTL_ENABLE_DEBUG_INFO = YES;
				ONLY_ACTIVE_ARCH = YES;
				SDKROOT = iphoneos;
				SWIFT_OPTIMIZATION_LEVEL = "-Onone";
			};
			name = Debug;
		};
		C9D04CCA19EC2C1700B9AE01 /* Release */ = {
			isa = XCBuildConfiguration;
			buildSettings = {
				ALWAYS_SEARCH_USER_PATHS = NO;
				CLANG_CXX_LANGUAGE_STANDARD = "gnu++0x";
				CLANG_CXX_LIBRARY = "libc++";
				CLANG_ENABLE_MODULES = YES;
				CLANG_ENABLE_OBJC_ARC = YES;
				CLANG_WARN_BOOL_CONVERSION = YES;
				CLANG_WARN_CONSTANT_CONVERSION = YES;
				CLANG_WARN_DIRECT_OBJC_ISA_USAGE = YES_ERROR;
				CLANG_WARN_EMPTY_BODY = YES;
				CLANG_WARN_ENUM_CONVERSION = YES;
				CLANG_WARN_INT_CONVERSION = YES;
				CLANG_WARN_OBJC_ROOT_CLASS = YES_ERROR;
				CLANG_WARN_UNREACHABLE_CODE = YES;
				CLANG_WARN__DUPLICATE_METHOD_MATCH = YES;
				"CODE_SIGN_IDENTITY[sdk=iphoneos*]" = "iPhone Developer";
				COPY_PHASE_STRIP = YES;
				ENABLE_NS_ASSERTIONS = NO;
				ENABLE_STRICT_OBJC_MSGSEND = YES;
				GCC_C_LANGUAGE_STANDARD = gnu99;
				GCC_WARN_64_TO_32_BIT_CONVERSION = YES;
				GCC_WARN_ABOUT_RETURN_TYPE = YES_ERROR;
				GCC_WARN_UNDECLARED_SELECTOR = YES;
				GCC_WARN_UNINITIALIZED_AUTOS = YES_AGGRESSIVE;
				GCC_WARN_UNUSED_FUNCTION = YES;
				GCC_WARN_UNUSED_VARIABLE = YES;
				IPHONEOS_DEPLOYMENT_TARGET = 8.0;
				MTL_ENABLE_DEBUG_INFO = NO;
				SDKROOT = iphoneos;
				VALIDATE_PRODUCT = YES;
			};
			name = Release;
		};
		C9D04CCC19EC2C1700B9AE01 /* Debug */ = {
			isa = XCBuildConfiguration;
			buildSettings = {
				ASSETCATALOG_COMPILER_APPICON_NAME = AppIcon;
				CODE_SIGN_IDENTITY = "iPhone Distribution: Intrepid Pursuits, LLC";
				INFOPLIST_FILE = QupAnimation/Info.plist;
				LD_RUNPATH_SEARCH_PATHS = "$(inherited) @executable_path/Frameworks";
				PRODUCT_NAME = "$(TARGET_NAME)";
				PROVISIONING_PROFILE = "14EA51F7-D255-46B0-999C-3B2A2CF5AF8D";
			};
			name = Debug;
		};
		C9D04CCD19EC2C1700B9AE01 /* Release */ = {
			isa = XCBuildConfiguration;
			buildSettings = {
				ASSETCATALOG_COMPILER_APPICON_NAME = AppIcon;
				CODE_SIGN_IDENTITY = "iPhone Distribution: Intrepid Pursuits, LLC";
				INFOPLIST_FILE = QupAnimation/Info.plist;
				LD_RUNPATH_SEARCH_PATHS = "$(inherited) @executable_path/Frameworks";
				PRODUCT_NAME = "$(TARGET_NAME)";
				PROVISIONING_PROFILE = "14EA51F7-D255-46B0-999C-3B2A2CF5AF8D";
			};
			name = Release;
		};
		C9D04CCF19EC2C1700B9AE01 /* Debug */ = {
			isa = XCBuildConfiguration;
			buildSettings = {
				BUNDLE_LOADER = "$(TEST_HOST)";
				FRAMEWORK_SEARCH_PATHS = (
					"$(SDKROOT)/Developer/Library/Frameworks",
					"$(inherited)",
				);
				GCC_PREPROCESSOR_DEFINITIONS = (
					"DEBUG=1",
					"$(inherited)",
				);
				INFOPLIST_FILE = QupAnimationTests/Info.plist;
				LD_RUNPATH_SEARCH_PATHS = "$(inherited) @executable_path/Frameworks @loader_path/Frameworks";
				PRODUCT_NAME = "$(TARGET_NAME)";
				TEST_HOST = "$(BUILT_PRODUCTS_DIR)/QupAnimation.app/QupAnimation";
			};
			name = Debug;
		};
		C9D04CD019EC2C1700B9AE01 /* Release */ = {
			isa = XCBuildConfiguration;
			buildSettings = {
				BUNDLE_LOADER = "$(TEST_HOST)";
				FRAMEWORK_SEARCH_PATHS = (
					"$(SDKROOT)/Developer/Library/Frameworks",
					"$(inherited)",
				);
				INFOPLIST_FILE = QupAnimationTests/Info.plist;
				LD_RUNPATH_SEARCH_PATHS = "$(inherited) @executable_path/Frameworks @loader_path/Frameworks";
				PRODUCT_NAME = "$(TARGET_NAME)";
				TEST_HOST = "$(BUILT_PRODUCTS_DIR)/QupAnimation.app/QupAnimation";
			};
			name = Release;
		};
/* End XCBuildConfiguration section */

/* Begin XCConfigurationList section */
		C9D04CA719EC2C1700B9AE01 /* Build configuration list for PBXProject "QupAnimation" */ = {
			isa = XCConfigurationList;
			buildConfigurations = (
				C9D04CC919EC2C1700B9AE01 /* Debug */,
				C9D04CCA19EC2C1700B9AE01 /* Release */,
			);
			defaultConfigurationIsVisible = 0;
			defaultConfigurationName = Release;
		};
		C9D04CCB19EC2C1700B9AE01 /* Build configuration list for PBXNativeTarget "QupAnimation" */ = {
			isa = XCConfigurationList;
			buildConfigurations = (
				C9D04CCC19EC2C1700B9AE01 /* Debug */,
				C9D04CCD19EC2C1700B9AE01 /* Release */,
			);
			defaultConfigurationIsVisible = 0;
			defaultConfigurationName = Release;
		};
		C9D04CCE19EC2C1700B9AE01 /* Build configuration list for PBXNativeTarget "QupAnimationTests" */ = {
			isa = XCConfigurationList;
			buildConfigurations = (
				C9D04CCF19EC2C1700B9AE01 /* Debug */,
				C9D04CD019EC2C1700B9AE01 /* Release */,
			);
			defaultConfigurationIsVisible = 0;
			defaultConfigurationName = Release;
		};
/* End XCConfigurationList section */
	};
	rootObject = C9D04CA419EC2C1700B9AE01 /* Project object */;
}
